// !$*UTF8*$!
{
	archiveVersion = 1;
	classes = {
	};
	objectVersion = 46;
	objects = {

/* Begin PBXBuildFile section */
		F4DEED631B495E5C00E7EB08 /* main.cpp in Sources */ = {isa = PBXBuildFile; fileRef = F4DEED621B495E5C00E7EB08 /* main.cpp */; };
		F4DEED771B4A688200E7EB08 /* clist.cpp in Sources */ = {isa = PBXBuildFile; fileRef = F4DEED751B4A688200E7EB08 /* clist.cpp */; };
/* End PBXBuildFile section */

/* Begin PBXCopyFilesBuildPhase section */
		F4DEED5D1B495E5C00E7EB08 /* CopyFiles */ = {
			isa = PBXCopyFilesBuildPhase;
			buildActionMask = 2147483647;
			dstPath = /usr/share/man/man1/;
			dstSubfolderSpec = 0;
			files = (
			);
			runOnlyForDeploymentPostprocessing = 1;
		};
/* End PBXCopyFilesBuildPhase section */

/* Begin PBXFileReference section */
		F4DEED5F1B495E5C00E7EB08 /* DS_SE */ = {isa = PBXFileReference; explicitFileType = "compiled.mach-o.executable"; includeInIndex = 0; path = DS_SE; sourceTree = BUILT_PRODUCTS_DIR; };
		F4DEED621B495E5C00E7EB08 /* main.cpp */ = {isa = PBXFileReference; lastKnownFileType = sourcecode.cpp.cpp; path = main.cpp; sourceTree = "<group>"; };
		F4DEED6A1B495E6A00E7EB08 /* queue.h */ = {isa = PBXFileReference; fileEncoding = 4; lastKnownFileType = sourcecode.c.h; path = queue.h; sourceTree = "<group>"; };
		F4DEED6D1B49602F00E7EB08 /* list.h */ = {isa = PBXFileReference; fileEncoding = 4; lastKnownFileType = sourcecode.c.h; path = list.h; sourceTree = "<group>"; };
		F4DEED701B49607100E7EB08 /* tree.h */ = {isa = PBXFileReference; fileEncoding = 4; lastKnownFileType = sourcecode.c.h; path = tree.h; sourceTree = "<group>"; };
		F4DEED731B49627600E7EB08 /* stack.h */ = {isa = PBXFileReference; fileEncoding = 4; lastKnownFileType = sourcecode.c.h; path = stack.h; sourceTree = "<group>"; };
		F4DEED751B4A688200E7EB08 /* clist.cpp */ = {isa = PBXFileReference; fileEncoding = 4; lastKnownFileType = sourcecode.cpp.cpp; path = clist.cpp; sourceTree = "<group>"; };
		F4DEED761B4A688200E7EB08 /* clist.h */ = {isa = PBXFileReference; fileEncoding = 4; lastKnownFileType = sourcecode.c.h; path = clist.h; sourceTree = "<group>"; };
/* End PBXFileReference section */

/* Begin PBXFrameworksBuildPhase section */
		F4DEED5C1B495E5C00E7EB08 /* Frameworks */ = {
			isa = PBXFrameworksBuildPhase;
			buildActionMask = 2147483647;
			files = (
			);
			runOnlyForDeploymentPostprocessing = 0;
		};
/* End PBXFrameworksBuildPhase section */

/* Begin PBXGroup section */
		F4DEED561B495E5C00E7EB08 = {
			isa = PBXGroup;
			children = (
				F4DEED611B495E5C00E7EB08 /* DS_SE */,
				F4DEED601B495E5C00E7EB08 /* Products */,
			);
			sourceTree = "<group>";
		};
		F4DEED601B495E5C00E7EB08 /* Products */ = {
			isa = PBXGroup;
			children = (
				F4DEED5F1B495E5C00E7EB08 /* DS_SE */,
			);
			name = Products;
			sourceTree = "<group>";
		};
		F4DEED611B495E5C00E7EB08 /* DS_SE */ = {
			isa = PBXGroup;
			children = (
				F4DEED621B495E5C00E7EB08 /* main.cpp */,
				F4DEED6A1B495E6A00E7EB08 /* queue.h */,
				F4DEED6D1B49602F00E7EB08 /* list.h */,
				F4DEED701B49607100E7EB08 /* tree.h */,
				F4DEED731B49627600E7EB08 /* stack.h */,
				F4DEED751B4A688200E7EB08 /* clist.cpp */,
				F4DEED761B4A688200E7EB08 /* clist.h */,
			);
			path = DS_SE;
			sourceTree = "<group>";
		};
/* End PBXGroup section */

/* Begin PBXNativeTarget section */
		F4DEED5E1B495E5C00E7EB08 /* DS_SE */ = {
			isa = PBXNativeTarget;
			buildConfigurationList = F4DEED661B495E5C00E7EB08 /* Build configuration list for PBXNativeTarget "DS_SE" */;
			buildPhases = (
				F4DEED5B1B495E5C00E7EB08 /* Sources */,
				F4DEED5C1B495E5C00E7EB08 /* Frameworks */,
				F4DEED5D1B495E5C00E7EB08 /* CopyFiles */,
			);
			buildRules = (
			);
			dependencies = (
			);
			name = DS_SE;
			productName = DS_SE;
			productReference = F4DEED5F1B495E5C00E7EB08 /* DS_SE */;
			productType = "com.apple.product-type.tool";
		};
/* End PBXNativeTarget section */

/* Begin PBXProject section */
		F4DEED571B495E5C00E7EB08 /* Project object */ = {
			isa = PBXProject;
			attributes = {
				LastUpgradeCheck = 0640;
				ORGANIZATIONNAME = "Miroslav Mironov";
				TargetAttributes = {
					F4DEED5E1B495E5C00E7EB08 = {
						CreatedOnToolsVersion = 6.4;
					};
				};
			};
			buildConfigurationList = F4DEED5A1B495E5C00E7EB08 /* Build configuration list for PBXProject "DS_SE" */;
			compatibilityVersion = "Xcode 3.2";
			developmentRegion = English;
			hasScannedForEncodings = 0;
			knownRegions = (
				en,
			);
			mainGroup = F4DEED561B495E5C00E7EB08;
			productRefGroup = F4DEED601B495E5C00E7EB08 /* Products */;
			projectDirPath = "";
			projectRoot = "";
			targets = (
				F4DEED5E1B495E5C00E7EB08 /* DS_SE */,
			);
		};
/* End PBXProject section */

/* Begin PBXSourcesBuildPhase section */
		F4DEED5B1B495E5C00E7EB08 /* Sources */ = {
			isa = PBXSourcesBuildPhase;
			buildActionMask = 2147483647;
			files = (
				F4DEED631B495E5C00E7EB08 /* main.cpp in Sources */,
				F4DEED771B4A688200E7EB08 /* clist.cpp in Sources */,
			);
			runOnlyForDeploymentPostprocessing = 0;
		};
/* End PBXSourcesBuildPhase section */

/* Begin XCBuildConfiguration section */
		F4DEED641B495E5C00E7EB08 /* Debug */ = {
			isa = XCBuildConfiguration;
			buildSettings = {
				ALWAYS_SEARCH_USER_PATHS = NO;
				CLANG_CXX_LANGUAGE_STANDARD = "gnu++0x";
				CLANG_CXX_LIBRARY = "libc++";
				CLANG_ENABLE_MODULES = YES;
				CLANG_ENABLE_OBJC_ARC = YES;
				CLANG_WARN_BOOL_CONVERSION = YES;
				CLANG_WARN_CONSTANT_CONVERSION = YES;
				CLANG_WARN_DIRECT_OBJC_ISA_USAGE = YES_ERROR;
				CLANG_WARN_EMPTY_BODY = YES;
				CLANG_WARN_ENUM_CONVERSION = YES;
				CLANG_WARN_INT_CONVERSION = YES;
				CLANG_WARN_OBJC_ROOT_CLASS = YES_ERROR;
				CLANG_WARN_UNREACHABLE_CODE = YES;
				CLANG_WARN__DUPLICATE_METHOD_MATCH = YES;
				COPY_PHASE_STRIP = NO;
				DEBUG_INFORMATION_FORMAT = dwarf;
				ENABLE_STRICT_OBJC_MSGSEND = YES;
				GCC_C_LANGUAGE_STANDARD = gnu99;
				GCC_DYNAMIC_NO_PIC = NO;
				GCC_NO_COMMON_BLOCKS = YES;
				GCC_OPTIMIZATION_LEVEL = 0;
				GCC_PREPROCESSOR_DEFINITIONS = (
					"DEBUG=1",
					"$(inherited)",
				);
				GCC_SYMBOLS_PRIVATE_EXTERN = NO;
				GCC_WARN_64_TO_32_BIT_CONVERSION = YES;
				GCC_WARN_ABOUT_RETURN_TYPE = YES_ERROR;
				GCC_WARN_UNDECLARED_SELECTOR = YES;
				GCC_WARN_UNINITIALIZED_AUTOS = YES_AGGRESSIVE;
				GCC_WARN_UNUSED_FUNCTION = YES;
				GCC_WARN_UNUSED_VARIABLE = YES;
				MACOSX_DEPLOYMENT_TARGET = 10.10;
				MTL_ENABLE_DEBUG_INFO = YES;
				ONLY_ACTIVE_ARCH = YES;
				SDKROOT = macosx;
			};
			name = Debug;
		};
		F4DEED651B495E5C00E7EB08 /* Release */ = {
			isa = XCBuildConfiguration;
			buildSettings = {
				ALWAYS_SEARCH_USER_PATHS = NO;
				CLANG_CXX_LANGUAGE_STANDARD = "gnu++0x";
				CLANG_CXX_LIBRARY = "libc++";
				CLANG_ENABLE_MODULES = YES;
				CLANG_ENABLE_OBJC_ARC = YES;
				CLANG_WARN_BOOL_CONVERSION = YES;
				CLANG_WARN_CONSTANT_CONVERSION = YES;
				CLANG_WARN_DIRECT_OBJC_ISA_USAGE = YES_ERROR;
				CLANG_WARN_EMPTY_BODY = YES;
				CLANG_WARN_ENUM_CONVERSION = YES;
				CLANG_WARN_INT_CONVERSION = YES;
				CLANG_WARN_OBJC_ROOT_CLASS = YES_ERROR;
				CLANG_WARN_UNREACHABLE_CODE = YES;
				CLANG_WARN__DUPLICATE_METHOD_MATCH = YES;
				COPY_PHASE_STRIP = NO;
				DEBUG_INFORMATION_FORMAT = "dwarf-with-dsym";
				ENABLE_NS_ASSERTIONS = NO;
				ENABLE_STRICT_OBJC_MSGSEND = YES;
				GCC_C_LANGUAGE_STANDARD = gnu99;
				GCC_NO_COMMON_BLOCKS = YES;
				GCC_WARN_64_TO_32_BIT_CONVERSION = YES;
				GCC_WARN_ABOUT_RETURN_TYPE = YES_ERROR;
				GCC_WARN_UNDECLARED_SELECTOR = YES;
				GCC_WARN_UNINITIALIZED_AUTOS = YES_AGGRESSIVE;
				GCC_WARN_UNUSED_FUNCTION = YES;
				GCC_WARN_UNUSED_VARIABLE = YES;
				MACOSX_DEPLOYMENT_TARGET = 10.10;
				MTL_ENABLE_DEBUG_INFO = NO;
				SDKROOT = macosx;
			};
			name = Release;
		};
		F4DEED671B495E5C00E7EB08 /* Debug */ = {
			isa = XCBuildConfiguration;
			buildSettings = {
				PRODUCT_NAME = "$(TARGET_NAME)";
			};
			name = Debug;
		};
		F4DEED681B495E5C00E7EB08 /* Release */ = {
			isa = XCBuildConfiguration;
			buildSettings = {
				PRODUCT_NAME = "$(TARGET_NAME)";
			};
			name = Release;
		};
/* End XCBuildConfiguration section */

/* Begin XCConfigurationList section */
		F4DEED5A1B495E5C00E7EB08 /* Build configuration list for PBXProject "DS_SE" */ = {
			isa = XCConfigurationList;
			buildConfigurations = (
				F4DEED641B495E5C00E7EB08 /* Debug */,
				F4DEED651B495E5C00E7EB08 /* Release */,
			);
			defaultConfigurationIsVisible = 0;
			defaultConfigurationName = Release;
		};
		F4DEED661B495E5C00E7EB08 /* Build configuration list for PBXNativeTarget "DS_SE" */ = {
			isa = XCConfigurationList;
			buildConfigurations = (
				F4DEED671B495E5C00E7EB08 /* Debug */,
				F4DEED681B495E5C00E7EB08 /* Release */,
			);
			defaultConfigurationIsVisible = 0;
		};
/* End XCConfigurationList section */
	};
	rootObject = F4DEED571B495E5C00E7EB08 /* Project object */;
}
